Microsoft Visual Studio Solution File, Format Version 12.00
# Visual Studio Version 17
VisualStudioVersion = 17.5.2.0
MinimumVisualStudioVersion = 10.0.40219.1
Project("{2150E333-8FDC-42A3-9474-1A3956D46DE8}") = "src", "src", "{827E0CD3-B72D-47B6-A68D-7590B98EB39B}"
EndProject
Project("{FAE04EC0-301F-11D3-BF4B-00C04F79EFBC}") = "QuantTrading.Core", "src\QuantTrading.Core\QuantTrading.Core.csproj", "{312B4AB5-6BAF-E70F-6417-43C2B10B35FE}"
EndProject
Project("{FAE04EC0-301F-11D3-BF4B-00C04F79EFBC}") = "QuantTrading.Web", "src\QuantTrading.Web\QuantTrading.Web.csproj", "{1014CDA9-AB18-4EBD-8D08-1DFD91CD482B}"
EndProject
Project("{2150E333-8FDC-42A3-9474-1A3956D46DE8}") = "tests", "tests", "{1AB86033-55F4-48BD-A2AE-3142FA9161F4}"
EndProject
Project("{FAE04EC0-301F-11D3-BF4B-00C04F79EFBC}") = "QuantTrading.Core.Tests", "tests\QuantTrading.Core.Tests\QuantTrading.Core.Tests.csproj", "{0C6C8B37-6E56-4CBB-891A-320478B86546}"
EndProject
Project("{FAE04EC0-301F-11D3-BF4B-00C04F79EFBC}") = "QuantTrading.E2E.Tests", "tests\QuantTrading.E2E.Tests\QuantTrading.E2E.Tests.csproj", "{3042BED1-B262-46D9-862C-5C820E1B3D35}"
EndProject
Project("{FAE04EC0-301F-11D3-BF4B-00C04F79EFBC}") = "QuantTrading.Infrastructure", "src\QuantTrading.Infrastructure\QuantTrading.Infrastructure.csproj", "{79496229-1F05-4504-8992-1398F80E145F}"
EndProject
Global
	GlobalSection(SolutionConfigurationPlatforms) = preSolution
		Debug|Any CPU = Debug|Any CPU
		Release|Any CPU = Release|Any CPU
	EndGlobalSection
	GlobalSection(ProjectConfigurationPlatforms) = postSolution
		{312B4AB5-6BAF-E70F-6417-43C2B10B35FE}.Debug|Any CPU.ActiveCfg = Debug|Any CPU
		{312B4AB5-6BAF-E70F-6417-43C2B10B35FE}.Debug|Any CPU.Build.0 = Debug|Any CPU
		{312B4AB5-6BAF-E70F-6417-43C2B10B35FE}.Release|Any CPU.ActiveCfg = Release|Any CPU
		{312B4AB5-6BAF-E70F-6417-43C2B10B35FE}.Release|Any CPU.Build.0 = Release|Any CPU
		{1014CDA9-AB18-4EBD-8D08-1DFD91CD482B}.Debug|Any CPU.ActiveCfg = Debug|Any CPU
		{1014CDA9-AB18-4EBD-8D08-1DFD91CD482B}.Debug|Any CPU.Build.0 = Debug|Any CPU
		{1014CDA9-AB18-4EBD-8D08-1DFD91CD482B}.Release|Any CPU.ActiveCfg = Release|Any CPU
		{1014CDA9-AB18-4EBD-8D08-1DFD91CD482B}.Release|Any CPU.Build.0 = Release|Any CPU
		{0C6C8B37-6E56-4CBB-891A-320478B86546}.Debug|Any CPU.ActiveCfg = Debug|Any CPU
		{0C6C8B37-6E56-4CBB-891A-320478B86546}.Debug|Any CPU.Build.0 = Debug|Any CPU
		{0C6C8B37-6E56-4CBB-891A-320478B86546}.Release|Any CPU.ActiveCfg = Release|Any CPU
		{0C6C8B37-6E56-4CBB-891A-320478B86546}.Release|Any CPU.Build.0 = Release|Any CPU
		{3042BED1-B262-46D9-862C-5C820E1B3D35}.Debug|Any CPU.ActiveCfg = Debug|Any CPU
		{3042BED1-B262-46D9-862C-5C820E1B3D35}.Debug|Any CPU.Build.0 = Debug|Any CPU
		{3042BED1-B262-46D9-862C-5C820E1B3D35}.Release|Any CPU.ActiveCfg = Release|Any CPU
		{3042BED1-B262-46D9-862C-5C820E1B3D35}.Release|Any CPU.Build.0 = Release|Any CPU
		{79496229-1F05-4504-8992-1398F80E145F}.Debug|Any CPU.ActiveCfg = Debug|Any CPU
		{79496229-1F05-4504-8992-1398F80E145F}.Debug|Any CPU.Build.0 = Debug|Any CPU
		{79496229-1F05-4504-8992-1398F80E145F}.Release|Any CPU.ActiveCfg = Release|Any CPU
		{79496229-1F05-4504-8992-1398F80E145F}.Release|Any CPU.Build.0 = Release|Any CPU
	EndGlobalSection
	GlobalSection(SolutionProperties) = preSolution
		HideSolutionNode = FALSE
	EndGlobalSection
	GlobalSection(NestedProjects) = preSolution
		{312B4AB5-6BAF-E70F-6417-43C2B10B35FE} = {827E0CD3-B72D-47B6-A68D-7590B98EB39B}
		{1014CDA9-AB18-4EBD-8D08-1DFD91CD482B} = {827E0CD3-B72D-47B6-A68D-7590B98EB39B}
		{0C6C8B37-6E56-4CBB-891A-320478B86546} = {1AB86033-55F4-48BD-A2AE-3142FA9161F4}
		{3042BED1-B262-46D9-862C-5C820E1B3D35} = {1AB86033-55F4-48BD-A2AE-3142FA9161F4}
		{79496229-1F05-4504-8992-1398F80E145F} = {827E0CD3-B72D-47B6-A68D-7590B98EB39B}
	EndGlobalSection
	GlobalSection(ExtensibilityGlobals) = postSolution
		SolutionGuid = {88FDB75C-4D32-421B-809B-279CE1F088C5}
	EndGlobalSection
EndGlobal
